
Microsoft Visual Studio Solution File, Format Version 12.00
# Visual Studio 2012
Project("{2150E333-8FDC-42A3-9474-1A3956D46DE8}") = "presentation", "presentation", "{5897584B-7A3E-4E2E-B534-3C9C7003569D}"
EndProject
Project("{2150E333-8FDC-42A3-9474-1A3956D46DE8}") = "distributedservices", "distributedservices", "{C387CD23-D996-43B1-85CB-95271FD1A06C}"
EndProject
Project("{2150E333-8FDC-42A3-9474-1A3956D46DE8}") = "application", "application", "{DD77D191-AB52-4CA0-8E15-4948F31708BD}"
EndProject
Project("{2150E333-8FDC-42A3-9474-1A3956D46DE8}") = "domain", "domain", "{BF3BE3E1-F29E-41BE-B959-D3B0B9D53689}"
EndProject
Project("{2150E333-8FDC-42A3-9474-1A3956D46DE8}") = "infrastructure", "infrastructure", "{5A22139D-3A25-44E0-87B1-499F40868CAF}"
EndProject
Project("{2150E333-8FDC-42A3-9474-1A3956D46DE8}") = "项目必看", "项目必看", "{83842EB7-3B86-4FE0-BD7B-5E680EC11118}"
	ProjectSection(SolutionItems) = preProject
		说明.txt = 说明.txt
	EndProjectSection
EndProject
Project("{FAE04EC0-301F-11D3-BF4B-00C04F79EFBC}") = "MvcPager", "infrastructure\MvcPager\MvcPager.csproj", "{23C75583-F15F-4464-BD48-6E5C656D7B78}"
EndProject
Project("{FAE04EC0-301F-11D3-BF4B-00C04F79EFBC}") = "Wbm.SinaV2API", "infrastructure\Wbm.SinaV2API\Wbm.SinaV2API.csproj", "{836120FF-1CC1-4554-8709-0D094C2BE14B}"
EndProject
Project("{FAE04EC0-301F-11D3-BF4B-00C04F79EFBC}") = "QConnectSDK", "infrastructure\QConnectSDK\QConnectSDK.csproj", "{ADD81DE4-667B-4808-89DF-678D6E9FD34E}"
EndProject
Project("{FAE04EC0-301F-11D3-BF4B-00C04F79EFBC}") = "Wbm.TencV2SDK", "infrastructure\Wbm.TencV2SDK\Wbm.TencV2SDK.csproj", "{4BC33BF0-7844-44B0-B0A2-4BA1F83E38AF}"
EndProject
Project("{FAE04EC0-301F-11D3-BF4B-00C04F79EFBC}") = "Miaow.Domain.Dto", "domain\Miaow.Domain.Dto\Miaow.Domain.Dto.csproj", "{94ECD31C-902A-4734-9265-D6E3385B0490}"
EndProject
Project("{FAE04EC0-301F-11D3-BF4B-00C04F79EFBC}") = "Miaow.Domain.Infrastructure", "domain\Miaow.Domain.Intrastructure\Miaow.Domain.Infrastructure.csproj", "{36E4E2ED-E857-46DE-9CAB-F962AEFC26F3}"
EndProject
Project("{FAE04EC0-301F-11D3-BF4B-00C04F79EFBC}") = "Miaow.Domain.Repository", "domain\Miaow.Domain.Repository\Miaow.Domain.Repository.csproj", "{5A44C5B5-A925-487D-B4FA-F7A187BFEF1A}"
EndProject
Project("{FAE04EC0-301F-11D3-BF4B-00C04F79EFBC}") = "Miaow.Presentation.account", "presentation\Miaow.Presentation.account\Miaow.Presentation.account.csproj", "{6772DA99-90E1-4AE8-B0A8-FC107EF83822}"
EndProject
Project("{FAE04EC0-301F-11D3-BF4B-00C04F79EFBC}") = "Miaow.Infrastructure.Data", "infrastructure\Miaow.Infrastructure.Data.Data\Miaow.Infrastructure.Data.csproj", "{33D73385-13E6-4BFA-BC76-23AF380E7F3E}"
EndProject
Project("{FAE04EC0-301F-11D3-BF4B-00C04F79EFBC}") = "Miaow.Infrastructure.Data.DataSys", "infrastructure\Miaow.Infrastructure.Data.DataSys\Miaow.Infrastructure.Data.DataSys.csproj", "{2C911DAF-3B6C-49C7-AF21-6224BFB0FE74}"
EndProject
Project("{FAE04EC0-301F-11D3-BF4B-00C04F79EFBC}") = "Miaow.Infrastructure.Crosscutting.Authorize", "infrastructure\Miaow.Infrastructure.Data.Authorize\Miaow.Infrastructure.Crosscutting.Authorize.csproj", "{F7BCE9A5-A826-410A-849D-D4F5C551B4DC}"
EndProject
Project("{FAE04EC0-301F-11D3-BF4B-00C04F79EFBC}") = "Miaow.Infrastructure.Crosscutting", "infrastructure\Miaow.Infrastructure.Data.Crosscutting\Miaow.Infrastructure.Crosscutting.csproj", "{81DD913F-FD84-44E9-830D-EEB641E09DBD}"
EndProject
Project("{FAE04EC0-301F-11D3-BF4B-00C04F79EFBC}") = "Miaow.Infrastructure.Crosscutting.Authorize.Dto", "infrastructure\Miaow.Infrastructure.Data.Dto\Miaow.Infrastructure.Crosscutting.Authorize.Dto.csproj", "{BDE1CD48-17DB-4CE4-BDFA-EB20603EE401}"
EndProject
Project("{FAE04EC0-301F-11D3-BF4B-00C04F79EFBC}") = "Miaow.Infrastructure.Crosscutting.Comm.Infrastructure.Crosscutting.EntityToDto", "infrastructure\Miaow.Infrastructure.Data.EntityToDto\Miaow.Infrastructure.Crosscutting.Comm.Infrastructure.Crosscutting.EntityToDto.csproj", "{75F909AB-BBC3-44F0-BFC6-FA015E8EACA0}"
EndProject
Project("{FAE04EC0-301F-11D3-BF4B-00C04F79EFBC}") = "Miaow.Infrastructure.Crosscutting.Function", "infrastructure\Miaow.Infrastructure.Data.Function\Miaow.Infrastructure.Crosscutting.Function.csproj", "{FB1A6D0D-D778-4431-9D3D-9CDC298EDFB0}"
EndProject
Project("{FAE04EC0-301F-11D3-BF4B-00C04F79EFBC}") = "Miaow.Infrastructure.Crosscutting.NetFramework", "infrastructure\Miaow.Infrastructure.Data.NetFramework\Miaow.Infrastructure.Crosscutting.NetFramework.csproj", "{8E8BCEF4-5F46-49A2-B36E-B397A8A5F635}"
EndProject
Project("{FAE04EC0-301F-11D3-BF4B-00C04F79EFBC}") = "Miaow.Infrastructure.Data.Repository", "infrastructure\Miaow.Infrastructure.Data.Repository\Miaow.Infrastructure.Data.Repository.csproj", "{B1F38D7C-A9AC-46D8-88F0-9980BEAA4DC3}"
EndProject
Project("{FAE04EC0-301F-11D3-BF4B-00C04F79EFBC}") = "Miaow.Infrastructure.Crosscutting.Comm.Dto", "infrastructure\Miaow.Infrastructure.Data (2).Dto\Miaow.Infrastructure.Crosscutting.Comm.Dto.csproj", "{00B1115B-0DDC-482D-AAF8-13D3C56A65D5}"
EndProject
Project("{FAE04EC0-301F-11D3-BF4B-00C04F79EFBC}") = "Miaow.Infrastructure.Crosscutting.Comm.Service", "infrastructure\Miaow.Infrastructure.Data.Service\Miaow.Infrastructure.Crosscutting.Comm.Service.csproj", "{87E6A634-A50D-4277-982B-0B16CFAC5738}"
EndProject
Project("{FAE04EC0-301F-11D3-BF4B-00C04F79EFBC}") = "Miaow.Presentation.Union", "presentation\Miaow.Presentation.Union\Miaow.Presentation.Union.csproj", "{D3919725-5EFA-48AA-97C1-2D4EF93714BD}"
EndProject
Project("{FAE04EC0-301F-11D3-BF4B-00C04F79EFBC}") = "Miaow.Service.Open.Contract", "distributedservices\Miaow.Service.SSO.Open\Miaow.Service.Open.Contract\Miaow.Service.Open.Contract.csproj", "{B74D598A-AA07-4C6D-9813-F63F0871ED87}"
EndProject
Project("{FAE04EC0-301F-11D3-BF4B-00C04F79EFBC}") = "Miaow.Service.Open.Ioc", "distributedservices\Miaow.Service.SSO.Open\Miaow.Service.Open.Ioc\Miaow.Service.Open.Ioc.csproj", "{EDFB8310-16E7-484E-BC8B-901D42D1AE2D}"
EndProject
Project("{FAE04EC0-301F-11D3-BF4B-00C04F79EFBC}") = "Miaow.Service.Open.Service", "distributedservices\Miaow.Service.SSO.Open\Miaow.Service.Open.Service\Miaow.Service.Open.Service.csproj", "{6958A6A0-EBB5-4F24-B5D1-1DAD8FB9B584}"
EndProject
Project("{FAE04EC0-301F-11D3-BF4B-00C04F79EFBC}") = "Miaow.Service.Open.Web", "distributedservices\Miaow.Service.SSO.Open\Miaow.Service.Open.Web\Miaow.Service.Open.Web.csproj", "{1D393254-E17E-4884-B93E-0045ABC124D1}"
EndProject
Project("{FAE04EC0-301F-11D3-BF4B-00C04F79EFBC}") = "Miaow.Service.SSO.Client", "distributedservices\Miaow.Service.SSO.Client\Miaow.Service.SSO.Client.csproj", "{BCD4F576-C42C-4450-8EB3-F4219B19ED52}"
EndProject
Project("{FAE04EC0-301F-11D3-BF4B-00C04F79EFBC}") = "Miaow.Service.SSO.Entity", "distributedservices\Miaow.Service.SSO.Entitiy\Miaow.Service.SSO.Entity.csproj", "{C982E92E-AAC3-4104-85BA-F78560FB4B1A}"
EndProject
Project("{FAE04EC0-301F-11D3-BF4B-00C04F79EFBC}") = "Miaow.Service.Union", "distributedservices\Miaow.Service.SSO.Union\Miaow.Service.Union.csproj", "{50430C3E-A1D5-4BBF-9E4F-E86D1FB895C8}"
EndProject
Project("{FAE04EC0-301F-11D3-BF4B-00C04F79EFBC}") = "Miaow.Service.SSO.WebService", "distributedservices\Miaow.Service.SSO.WebService\Miaow.Service.SSO.WebService.csproj", "{22EDA12D-D5C8-4912-A98A-361A1578D082}"
EndProject
Project("{FAE04EC0-301F-11D3-BF4B-00C04F79EFBC}") = "Miaow.Application.account.Dto", "application\Miaow.Application.account.Dto\Miaow.Application.account.Dto.csproj", "{41605CC8-705E-4677-8E2A-5DFCD9902B7E}"
EndProject
Project("{FAE04EC0-301F-11D3-BF4B-00C04F79EFBC}") = "Miaow.Application.account.Service", "application\Miaow.Application.account.Service\Miaow.Application.account.Service.csproj", "{FEFA4CB4-0602-4714-8278-21C6C9C3433C}"
EndProject
Project("{FAE04EC0-301F-11D3-BF4B-00C04F79EFBC}") = "Miaow.Application.SysService", "application\Miaow.Application.SysService\Miaow.Application.SysService.csproj", "{0E815BF6-1EC7-4C7D-A832-1881FFCCFB87}"
EndProject
Project("{FAE04EC0-301F-11D3-BF4B-00C04F79EFBC}") = "Miaow.Application.Union.Dto", "application\Miaow.Application.Union.Dto\Miaow.Application.Union.Dto.csproj", "{17626EA1-0F82-4F63-BF71-D28AA9E95E4B}"
EndProject
Global
	GlobalSection(SolutionConfigurationPlatforms) = preSolution
		Debug|Any CPU = Debug|Any CPU
		Debug|Mixed Platforms = Debug|Mixed Platforms
		Debug|x86 = Debug|x86
		Release|Any CPU = Release|Any CPU
		Release|Mixed Platforms = Release|Mixed Platforms
		Release|x86 = Release|x86
	EndGlobalSection
	GlobalSection(ProjectConfigurationPlatforms) = postSolution
		{23C75583-F15F-4464-BD48-6E5C656D7B78}.Debug|Any CPU.ActiveCfg = Debug|Any CPU
		{23C75583-F15F-4464-BD48-6E5C656D7B78}.Debug|Any CPU.Build.0 = Debug|Any CPU
		{23C75583-F15F-4464-BD48-6E5C656D7B78}.Debug|Mixed Platforms.ActiveCfg = Debug|Any CPU
		{23C75583-F15F-4464-BD48-6E5C656D7B78}.Debug|Mixed Platforms.Build.0 = Debug|Any CPU
		{23C75583-F15F-4464-BD48-6E5C656D7B78}.Debug|x86.ActiveCfg = Debug|Any CPU
		{23C75583-F15F-4464-BD48-6E5C656D7B78}.Release|Any CPU.ActiveCfg = Release|Any CPU
		{23C75583-F15F-4464-BD48-6E5C656D7B78}.Release|Any CPU.Build.0 = Release|Any CPU
		{23C75583-F15F-4464-BD48-6E5C656D7B78}.Release|Mixed Platforms.ActiveCfg = Release|Any CPU
		{23C75583-F15F-4464-BD48-6E5C656D7B78}.Release|Mixed Platforms.Build.0 = Release|Any CPU
		{23C75583-F15F-4464-BD48-6E5C656D7B78}.Release|x86.ActiveCfg = Release|Any CPU
		{836120FF-1CC1-4554-8709-0D094C2BE14B}.Debug|Any CPU.ActiveCfg = Debug|Any CPU
		{836120FF-1CC1-4554-8709-0D094C2BE14B}.Debug|Any CPU.Build.0 = Debug|Any CPU
		{836120FF-1CC1-4554-8709-0D094C2BE14B}.Debug|Mixed Platforms.ActiveCfg = Debug|Any CPU
		{836120FF-1CC1-4554-8709-0D094C2BE14B}.Debug|Mixed Platforms.Build.0 = Debug|Any CPU
		{836120FF-1CC1-4554-8709-0D094C2BE14B}.Debug|x86.ActiveCfg = Debug|Any CPU
		{836120FF-1CC1-4554-8709-0D094C2BE14B}.Release|Any CPU.ActiveCfg = Release|Any CPU
		{836120FF-1CC1-4554-8709-0D094C2BE14B}.Release|Any CPU.Build.0 = Release|Any CPU
		{836120FF-1CC1-4554-8709-0D094C2BE14B}.Release|Mixed Platforms.ActiveCfg = Release|Any CPU
		{836120FF-1CC1-4554-8709-0D094C2BE14B}.Release|Mixed Platforms.Build.0 = Release|Any CPU
		{836120FF-1CC1-4554-8709-0D094C2BE14B}.Release|x86.ActiveCfg = Release|Any CPU
		{ADD81DE4-667B-4808-89DF-678D6E9FD34E}.Debug|Any CPU.ActiveCfg = Debug|Any CPU
		{ADD81DE4-667B-4808-89DF-678D6E9FD34E}.Debug|Any CPU.Build.0 = Debug|Any CPU
		{ADD81DE4-667B-4808-89DF-678D6E9FD34E}.Debug|Mixed Platforms.ActiveCfg = Debug|Any CPU
		{ADD81DE4-667B-4808-89DF-678D6E9FD34E}.Debug|Mixed Platforms.Build.0 = Debug|Any CPU
		{ADD81DE4-667B-4808-89DF-678D6E9FD34E}.Debug|x86.ActiveCfg = Debug|Any CPU
		{ADD81DE4-667B-4808-89DF-678D6E9FD34E}.Release|Any CPU.ActiveCfg = Release|Any CPU
		{ADD81DE4-667B-4808-89DF-678D6E9FD34E}.Release|Any CPU.Build.0 = Release|Any CPU
		{ADD81DE4-667B-4808-89DF-678D6E9FD34E}.Release|Mixed Platforms.ActiveCfg = Release|Any CPU
		{ADD81DE4-667B-4808-89DF-678D6E9FD34E}.Release|Mixed Platforms.Build.0 = Release|Any CPU
		{ADD81DE4-667B-4808-89DF-678D6E9FD34E}.Release|x86.ActiveCfg = Release|Any CPU
		{4BC33BF0-7844-44B0-B0A2-4BA1F83E38AF}.Debug|Any CPU.ActiveCfg = Debug|Any CPU
		{4BC33BF0-7844-44B0-B0A2-4BA1F83E38AF}.Debug|Any CPU.Build.0 = Debug|Any CPU
		{4BC33BF0-7844-44B0-B0A2-4BA1F83E38AF}.Debug|Mixed Platforms.ActiveCfg = Debug|Any CPU
		{4BC33BF0-7844-44B0-B0A2-4BA1F83E38AF}.Debug|Mixed Platforms.Build.0 = Debug|Any CPU
		{4BC33BF0-7844-44B0-B0A2-4BA1F83E38AF}.Debug|x86.ActiveCfg = Debug|Any CPU
		{4BC33BF0-7844-44B0-B0A2-4BA1F83E38AF}.Release|Any CPU.ActiveCfg = Release|Any CPU
		{4BC33BF0-7844-44B0-B0A2-4BA1F83E38AF}.Release|Any CPU.Build.0 = Release|Any CPU
		{4BC33BF0-7844-44B0-B0A2-4BA1F83E38AF}.Release|Mixed Platforms.ActiveCfg = Release|Any CPU
		{4BC33BF0-7844-44B0-B0A2-4BA1F83E38AF}.Release|Mixed Platforms.Build.0 = Release|Any CPU
		{4BC33BF0-7844-44B0-B0A2-4BA1F83E38AF}.Release|x86.ActiveCfg = Release|Any CPU
		{94ECD31C-902A-4734-9265-D6E3385B0490}.Debug|Any CPU.ActiveCfg = Debug|Any CPU
		{94ECD31C-902A-4734-9265-D6E3385B0490}.Debug|Any CPU.Build.0 = Debug|Any CPU
		{94ECD31C-902A-4734-9265-D6E3385B0490}.Debug|Mixed Platforms.ActiveCfg = Debug|Any CPU
		{94ECD31C-902A-4734-9265-D6E3385B0490}.Debug|Mixed Platforms.Build.0 = Debug|Any CPU
		{94ECD31C-902A-4734-9265-D6E3385B0490}.Debug|x86.ActiveCfg = Debug|Any CPU
		{94ECD31C-902A-4734-9265-D6E3385B0490}.Release|Any CPU.ActiveCfg = Release|Any CPU
		{94ECD31C-902A-4734-9265-D6E3385B0490}.Release|Any CPU.Build.0 = Release|Any CPU
		{94ECD31C-902A-4734-9265-D6E3385B0490}.Release|Mixed Platforms.ActiveCfg = Release|Any CPU
		{94ECD31C-902A-4734-9265-D6E3385B0490}.Release|Mixed Platforms.Build.0 = Release|Any CPU
		{94ECD31C-902A-4734-9265-D6E3385B0490}.Release|x86.ActiveCfg = Release|Any CPU
		{36E4E2ED-E857-46DE-9CAB-F962AEFC26F3}.Debug|Any CPU.ActiveCfg = Debug|Any CPU
		{36E4E2ED-E857-46DE-9CAB-F962AEFC26F3}.Debug|Any CPU.Build.0 = Debug|Any CPU
		{36E4E2ED-E857-46DE-9CAB-F962AEFC26F3}.Debug|Mixed Platforms.ActiveCfg = Debug|Any CPU
		{36E4E2ED-E857-46DE-9CAB-F962AEFC26F3}.Debug|Mixed Platforms.Build.0 = Debug|Any CPU
		{36E4E2ED-E857-46DE-9CAB-F962AEFC26F3}.Debug|x86.ActiveCfg = Debug|Any CPU
		{36E4E2ED-E857-46DE-9CAB-F962AEFC26F3}.Release|Any CPU.ActiveCfg = Release|Any CPU
		{36E4E2ED-E857-46DE-9CAB-F962AEFC26F3}.Release|Any CPU.Build.0 = Release|Any CPU
		{36E4E2ED-E857-46DE-9CAB-F962AEFC26F3}.Release|Mixed Platforms.ActiveCfg = Release|Any CPU
		{36E4E2ED-E857-46DE-9CAB-F962AEFC26F3}.Release|Mixed Platforms.Build.0 = Release|Any CPU
		{36E4E2ED-E857-46DE-9CAB-F962AEFC26F3}.Release|x86.ActiveCfg = Release|Any CPU
		{5A44C5B5-A925-487D-B4FA-F7A187BFEF1A}.Debug|Any CPU.ActiveCfg = Debug|Any CPU
		{5A44C5B5-A925-487D-B4FA-F7A187BFEF1A}.Debug|Any CPU.Build.0 = Debug|Any CPU
		{5A44C5B5-A925-487D-B4FA-F7A187BFEF1A}.Debug|Mixed Platforms.ActiveCfg = Debug|Any CPU
		{5A44C5B5-A925-487D-B4FA-F7A187BFEF1A}.Debug|Mixed Platforms.Build.0 = Debug|Any CPU
		{5A44C5B5-A925-487D-B4FA-F7A187BFEF1A}.Debug|x86.ActiveCfg = Debug|Any CPU
		{5A44C5B5-A925-487D-B4FA-F7A187BFEF1A}.Release|Any CPU.ActiveCfg = Release|Any CPU
		{5A44C5B5-A925-487D-B4FA-F7A187BFEF1A}.Release|Any CPU.Build.0 = Release|Any CPU
		{5A44C5B5-A925-487D-B4FA-F7A187BFEF1A}.Release|Mixed Platforms.ActiveCfg = Release|Any CPU
		{5A44C5B5-A925-487D-B4FA-F7A187BFEF1A}.Release|Mixed Platforms.Build.0 = Release|Any CPU
		{5A44C5B5-A925-487D-B4FA-F7A187BFEF1A}.Release|x86.ActiveCfg = Release|Any CPU
		{6772DA99-90E1-4AE8-B0A8-FC107EF83822}.Debug|Any CPU.ActiveCfg = Debug|Any CPU
		{6772DA99-90E1-4AE8-B0A8-FC107EF83822}.Debug|Any CPU.Build.0 = Debug|Any CPU
		{6772DA99-90E1-4AE8-B0A8-FC107EF83822}.Debug|Mixed Platforms.ActiveCfg = Debug|Any CPU
		{6772DA99-90E1-4AE8-B0A8-FC107EF83822}.Debug|Mixed Platforms.Build.0 = Debug|Any CPU
		{6772DA99-90E1-4AE8-B0A8-FC107EF83822}.Debug|x86.ActiveCfg = Debug|Any CPU
		{6772DA99-90E1-4AE8-B0A8-FC107EF83822}.Release|Any CPU.ActiveCfg = Release|Any CPU
		{6772DA99-90E1-4AE8-B0A8-FC107EF83822}.Release|Any CPU.Build.0 = Release|Any CPU
		{6772DA99-90E1-4AE8-B0A8-FC107EF83822}.Release|Mixed Platforms.ActiveCfg = Release|Any CPU
		{6772DA99-90E1-4AE8-B0A8-FC107EF83822}.Release|Mixed Platforms.Build.0 = Release|Any CPU
		{6772DA99-90E1-4AE8-B0A8-FC107EF83822}.Release|x86.ActiveCfg = Release|Any CPU
		{33D73385-13E6-4BFA-BC76-23AF380E7F3E}.Debug|Any CPU.ActiveCfg = Debug|Any CPU
		{33D73385-13E6-4BFA-BC76-23AF380E7F3E}.Debug|Any CPU.Build.0 = Debug|Any CPU
		{33D73385-13E6-4BFA-BC76-23AF380E7F3E}.Debug|Mixed Platforms.ActiveCfg = Debug|Any CPU
		{33D73385-13E6-4BFA-BC76-23AF380E7F3E}.Debug|Mixed Platforms.Build.0 = Debug|Any CPU
		{33D73385-13E6-4BFA-BC76-23AF380E7F3E}.Debug|x86.ActiveCfg = Debug|Any CPU
		{33D73385-13E6-4BFA-BC76-23AF380E7F3E}.Release|Any CPU.ActiveCfg = Release|Any CPU
		{33D73385-13E6-4BFA-BC76-23AF380E7F3E}.Release|Any CPU.Build.0 = Release|Any CPU
		{33D73385-13E6-4BFA-BC76-23AF380E7F3E}.Release|Mixed Platforms.ActiveCfg = Release|Any CPU
		{33D73385-13E6-4BFA-BC76-23AF380E7F3E}.Release|Mixed Platforms.Build.0 = Release|Any CPU
		{33D73385-13E6-4BFA-BC76-23AF380E7F3E}.Release|x86.ActiveCfg = Release|Any CPU
		{2C911DAF-3B6C-49C7-AF21-6224BFB0FE74}.Debug|Any CPU.ActiveCfg = Debug|Any CPU
		{2C911DAF-3B6C-49C7-AF21-6224BFB0FE74}.Debug|Any CPU.Build.0 = Debug|Any CPU
		{2C911DAF-3B6C-49C7-AF21-6224BFB0FE74}.Debug|Mixed Platforms.ActiveCfg = Debug|Any CPU
		{2C911DAF-3B6C-49C7-AF21-6224BFB0FE74}.Debug|Mixed Platforms.Build.0 = Debug|Any CPU
		{2C911DAF-3B6C-49C7-AF21-6224BFB0FE74}.Debug|x86.ActiveCfg = Debug|Any CPU
		{2C911DAF-3B6C-49C7-AF21-6224BFB0FE74}.Release|Any CPU.ActiveCfg = Release|Any CPU
		{2C911DAF-3B6C-49C7-AF21-6224BFB0FE74}.Release|Any CPU.Build.0 = Release|Any CPU
		{2C911DAF-3B6C-49C7-AF21-6224BFB0FE74}.Release|Mixed Platforms.ActiveCfg = Release|Any CPU
		{2C911DAF-3B6C-49C7-AF21-6224BFB0FE74}.Release|Mixed Platforms.Build.0 = Release|Any CPU
		{2C911DAF-3B6C-49C7-AF21-6224BFB0FE74}.Release|x86.ActiveCfg = Release|Any CPU
		{F7BCE9A5-A826-410A-849D-D4F5C551B4DC}.Debug|Any CPU.ActiveCfg = Debug|Any CPU
		{F7BCE9A5-A826-410A-849D-D4F5C551B4DC}.Debug|Any CPU.Build.0 = Debug|Any CPU
		{F7BCE9A5-A826-410A-849D-D4F5C551B4DC}.Debug|Mixed Platforms.ActiveCfg = Debug|Any CPU
		{F7BCE9A5-A826-410A-849D-D4F5C551B4DC}.Debug|Mixed Platforms.Build.0 = Debug|Any CPU
		{F7BCE9A5-A826-410A-849D-D4F5C551B4DC}.Debug|x86.ActiveCfg = Debug|Any CPU
		{F7BCE9A5-A826-410A-849D-D4F5C551B4DC}.Release|Any CPU.ActiveCfg = Release|Any CPU
		{F7BCE9A5-A826-410A-849D-D4F5C551B4DC}.Release|Any CPU.Build.0 = Release|Any CPU
		{F7BCE9A5-A826-410A-849D-D4F5C551B4DC}.Release|Mixed Platforms.ActiveCfg = Release|Any CPU
		{F7BCE9A5-A826-410A-849D-D4F5C551B4DC}.Release|Mixed Platforms.Build.0 = Release|Any CPU
		{F7BCE9A5-A826-410A-849D-D4F5C551B4DC}.Release|x86.ActiveCfg = Release|Any CPU
		{81DD913F-FD84-44E9-830D-EEB641E09DBD}.Debug|Any CPU.ActiveCfg = Debug|Any CPU
		{81DD913F-FD84-44E9-830D-EEB641E09DBD}.Debug|Any CPU.Build.0 = Debug|Any CPU
		{81DD913F-FD84-44E9-830D-EEB641E09DBD}.Debug|Mixed Platforms.ActiveCfg = Debug|Any CPU
		{81DD913F-FD84-44E9-830D-EEB641E09DBD}.Debug|Mixed Platforms.Build.0 = Debug|Any CPU
		{81DD913F-FD84-44E9-830D-EEB641E09DBD}.Debug|x86.ActiveCfg = Debug|Any CPU
		{81DD913F-FD84-44E9-830D-EEB641E09DBD}.Release|Any CPU.ActiveCfg = Release|Any CPU
		{81DD913F-FD84-44E9-830D-EEB641E09DBD}.Release|Any CPU.Build.0 = Release|Any CPU
		{81DD913F-FD84-44E9-830D-EEB641E09DBD}.Release|Mixed Platforms.ActiveCfg = Release|Any CPU
		{81DD913F-FD84-44E9-830D-EEB641E09DBD}.Release|Mixed Platforms.Build.0 = Release|Any CPU
		{81DD913F-FD84-44E9-830D-EEB641E09DBD}.Release|x86.ActiveCfg = Release|Any CPU
		{BDE1CD48-17DB-4CE4-BDFA-EB20603EE401}.Debug|Any CPU.ActiveCfg = Debug|Any CPU
		{BDE1CD48-17DB-4CE4-BDFA-EB20603EE401}.Debug|Any CPU.Build.0 = Debug|Any CPU
		{BDE1CD48-17DB-4CE4-BDFA-EB20603EE401}.Debug|Mixed Platforms.ActiveCfg = Debug|Any CPU
		{BDE1CD48-17DB-4CE4-BDFA-EB20603EE401}.Debug|Mixed Platforms.Build.0 = Debug|Any CPU
		{BDE1CD48-17DB-4CE4-BDFA-EB20603EE401}.Debug|x86.ActiveCfg = Debug|Any CPU
		{BDE1CD48-17DB-4CE4-BDFA-EB20603EE401}.Release|Any CPU.ActiveCfg = Release|Any CPU
		{BDE1CD48-17DB-4CE4-BDFA-EB20603EE401}.Release|Any CPU.Build.0 = Release|Any CPU
		{BDE1CD48-17DB-4CE4-BDFA-EB20603EE401}.Release|Mixed Platforms.ActiveCfg = Release|Any CPU
		{BDE1CD48-17DB-4CE4-BDFA-EB20603EE401}.Release|Mixed Platforms.Build.0 = Release|Any CPU
		{BDE1CD48-17DB-4CE4-BDFA-EB20603EE401}.Release|x86.ActiveCfg = Release|Any CPU
		{75F909AB-BBC3-44F0-BFC6-FA015E8EACA0}.Debug|Any CPU.ActiveCfg = Debug|Any CPU
		{75F909AB-BBC3-44F0-BFC6-FA015E8EACA0}.Debug|Any CPU.Build.0 = Debug|Any CPU
		{75F909AB-BBC3-44F0-BFC6-FA015E8EACA0}.Debug|Mixed Platforms.ActiveCfg = Debug|Any CPU
		{75F909AB-BBC3-44F0-BFC6-FA015E8EACA0}.Debug|Mixed Platforms.Build.0 = Debug|Any CPU
		{75F909AB-BBC3-44F0-BFC6-FA015E8EACA0}.Debug|x86.ActiveCfg = Debug|Any CPU
		{75F909AB-BBC3-44F0-BFC6-FA015E8EACA0}.Release|Any CPU.ActiveCfg = Release|Any CPU
		{75F909AB-BBC3-44F0-BFC6-FA015E8EACA0}.Release|Any CPU.Build.0 = Release|Any CPU
		{75F909AB-BBC3-44F0-BFC6-FA015E8EACA0}.Release|Mixed Platforms.ActiveCfg = Release|Any CPU
		{75F909AB-BBC3-44F0-BFC6-FA015E8EACA0}.Release|Mixed Platforms.Build.0 = Release|Any CPU
		{75F909AB-BBC3-44F0-BFC6-FA015E8EACA0}.Release|x86.ActiveCfg = Release|Any CPU
		{FB1A6D0D-D778-4431-9D3D-9CDC298EDFB0}.Debug|Any CPU.ActiveCfg = Debug|Any CPU
		{FB1A6D0D-D778-4431-9D3D-9CDC298EDFB0}.Debug|Any CPU.Build.0 = Debug|Any CPU
		{FB1A6D0D-D778-4431-9D3D-9CDC298EDFB0}.Debug|Mixed Platforms.ActiveCfg = Debug|Any CPU
		{FB1A6D0D-D778-4431-9D3D-9CDC298EDFB0}.Debug|Mixed Platforms.Build.0 = Debug|Any CPU
		{FB1A6D0D-D778-4431-9D3D-9CDC298EDFB0}.Debug|x86.ActiveCfg = Debug|Any CPU
		{FB1A6D0D-D778-4431-9D3D-9CDC298EDFB0}.Release|Any CPU.ActiveCfg = Release|Any CPU
		{FB1A6D0D-D778-4431-9D3D-9CDC298EDFB0}.Release|Any CPU.Build.0 = Release|Any CPU
		{FB1A6D0D-D778-4431-9D3D-9CDC298EDFB0}.Release|Mixed Platforms.ActiveCfg = Release|Any CPU
		{FB1A6D0D-D778-4431-9D3D-9CDC298EDFB0}.Release|Mixed Platforms.Build.0 = Release|Any CPU
		{FB1A6D0D-D778-4431-9D3D-9CDC298EDFB0}.Release|x86.ActiveCfg = Release|Any CPU
		{8E8BCEF4-5F46-49A2-B36E-B397A8A5F635}.Debug|Any CPU.ActiveCfg = Debug|Any CPU
		{8E8BCEF4-5F46-49A2-B36E-B397A8A5F635}.Debug|Any CPU.Build.0 = Debug|Any CPU
		{8E8BCEF4-5F46-49A2-B36E-B397A8A5F635}.Debug|Mixed Platforms.ActiveCfg = Debug|Any CPU
		{8E8BCEF4-5F46-49A2-B36E-B397A8A5F635}.Debug|Mixed Platforms.Build.0 = Debug|Any CPU
		{8E8BCEF4-5F46-49A2-B36E-B397A8A5F635}.Debug|x86.ActiveCfg = Debug|Any CPU
		{8E8BCEF4-5F46-49A2-B36E-B397A8A5F635}.Release|Any CPU.ActiveCfg = Release|Any CPU
		{8E8BCEF4-5F46-49A2-B36E-B397A8A5F635}.Release|Any CPU.Build.0 = Release|Any CPU
		{8E8BCEF4-5F46-49A2-B36E-B397A8A5F635}.Release|Mixed Platforms.ActiveCfg = Release|Any CPU
		{8E8BCEF4-5F46-49A2-B36E-B397A8A5F635}.Release|Mixed Platforms.Build.0 = Release|Any CPU
		{8E8BCEF4-5F46-49A2-B36E-B397A8A5F635}.Release|x86.ActiveCfg = Release|Any CPU
		{B1F38D7C-A9AC-46D8-88F0-9980BEAA4DC3}.Debug|Any CPU.ActiveCfg = Debug|Any CPU
		{B1F38D7C-A9AC-46D8-88F0-9980BEAA4DC3}.Debug|Any CPU.Build.0 = Debug|Any CPU
		{B1F38D7C-A9AC-46D8-88F0-9980BEAA4DC3}.Debug|Mixed Platforms.ActiveCfg = Debug|Any CPU
		{B1F38D7C-A9AC-46D8-88F0-9980BEAA4DC3}.Debug|Mixed Platforms.Build.0 = Debug|Any CPU
		{B1F38D7C-A9AC-46D8-88F0-9980BEAA4DC3}.Debug|x86.ActiveCfg = Debug|Any CPU
		{B1F38D7C-A9AC-46D8-88F0-9980BEAA4DC3}.Release|Any CPU.ActiveCfg = Release|Any CPU
		{B1F38D7C-A9AC-46D8-88F0-9980BEAA4DC3}.Release|Any CPU.Build.0 = Release|Any CPU
		{B1F38D7C-A9AC-46D8-88F0-9980BEAA4DC3}.Release|Mixed Platforms.ActiveCfg = Release|Any CPU
		{B1F38D7C-A9AC-46D8-88F0-9980BEAA4DC3}.Release|Mixed Platforms.Build.0 = Release|Any CPU
		{B1F38D7C-A9AC-46D8-88F0-9980BEAA4DC3}.Release|x86.ActiveCfg = Release|Any CPU
		{00B1115B-0DDC-482D-AAF8-13D3C56A65D5}.Debug|Any CPU.ActiveCfg = Debug|Any CPU
		{00B1115B-0DDC-482D-AAF8-13D3C56A65D5}.Debug|Any CPU.Build.0 = Debug|Any CPU
		{00B1115B-0DDC-482D-AAF8-13D3C56A65D5}.Debug|Mixed Platforms.ActiveCfg = Debug|Any CPU
		{00B1115B-0DDC-482D-AAF8-13D3C56A65D5}.Debug|Mixed Platforms.Build.0 = Debug|Any CPU
		{00B1115B-0DDC-482D-AAF8-13D3C56A65D5}.Debug|x86.ActiveCfg = Debug|Any CPU
		{00B1115B-0DDC-482D-AAF8-13D3C56A65D5}.Release|Any CPU.ActiveCfg = Release|Any CPU
		{00B1115B-0DDC-482D-AAF8-13D3C56A65D5}.Release|Any CPU.Build.0 = Release|Any CPU
		{00B1115B-0DDC-482D-AAF8-13D3C56A65D5}.Release|Mixed Platforms.ActiveCfg = Release|Any CPU
		{00B1115B-0DDC-482D-AAF8-13D3C56A65D5}.Release|Mixed Platforms.Build.0 = Release|Any CPU
		{00B1115B-0DDC-482D-AAF8-13D3C56A65D5}.Release|x86.ActiveCfg = Release|Any CPU
		{87E6A634-A50D-4277-982B-0B16CFAC5738}.Debug|Any CPU.ActiveCfg = Debug|Any CPU
		{87E6A634-A50D-4277-982B-0B16CFAC5738}.Debug|Any CPU.Build.0 = Debug|Any CPU
		{87E6A634-A50D-4277-982B-0B16CFAC5738}.Debug|Mixed Platforms.ActiveCfg = Debug|Any CPU
		{87E6A634-A50D-4277-982B-0B16CFAC5738}.Debug|Mixed Platforms.Build.0 = Debug|Any CPU
		{87E6A634-A50D-4277-982B-0B16CFAC5738}.Debug|x86.ActiveCfg = Debug|Any CPU
		{87E6A634-A50D-4277-982B-0B16CFAC5738}.Release|Any CPU.ActiveCfg = Release|Any CPU
		{87E6A634-A50D-4277-982B-0B16CFAC5738}.Release|Any CPU.Build.0 = Release|Any CPU
		{87E6A634-A50D-4277-982B-0B16CFAC5738}.Release|Mixed Platforms.ActiveCfg = Release|Any CPU
		{87E6A634-A50D-4277-982B-0B16CFAC5738}.Release|Mixed Platforms.Build.0 = Release|Any CPU
		{87E6A634-A50D-4277-982B-0B16CFAC5738}.Release|x86.ActiveCfg = Release|Any CPU
		{D3919725-5EFA-48AA-97C1-2D4EF93714BD}.Debug|Any CPU.ActiveCfg = Debug|Any CPU
		{D3919725-5EFA-48AA-97C1-2D4EF93714BD}.Debug|Any CPU.Build.0 = Debug|Any CPU
		{D3919725-5EFA-48AA-97C1-2D4EF93714BD}.Debug|Mixed Platforms.ActiveCfg = Debug|Any CPU
		{D3919725-5EFA-48AA-97C1-2D4EF93714BD}.Debug|Mixed Platforms.Build.0 = Debug|Any CPU
		{D3919725-5EFA-48AA-97C1-2D4EF93714BD}.Debug|x86.ActiveCfg = Debug|Any CPU
		{D3919725-5EFA-48AA-97C1-2D4EF93714BD}.Release|Any CPU.ActiveCfg = Release|Any CPU
		{D3919725-5EFA-48AA-97C1-2D4EF93714BD}.Release|Any CPU.Build.0 = Release|Any CPU
		{D3919725-5EFA-48AA-97C1-2D4EF93714BD}.Release|Mixed Platforms.ActiveCfg = Release|Any CPU
		{D3919725-5EFA-48AA-97C1-2D4EF93714BD}.Release|Mixed Platforms.Build.0 = Release|Any CPU
		{D3919725-5EFA-48AA-97C1-2D4EF93714BD}.Release|x86.ActiveCfg = Release|Any CPU
		{B74D598A-AA07-4C6D-9813-F63F0871ED87}.Debug|Any CPU.ActiveCfg = Debug|Any CPU
		{B74D598A-AA07-4C6D-9813-F63F0871ED87}.Debug|Any CPU.Build.0 = Debug|Any CPU
		{B74D598A-AA07-4C6D-9813-F63F0871ED87}.Debug|Mixed Platforms.ActiveCfg = Debug|Any CPU
		{B74D598A-AA07-4C6D-9813-F63F0871ED87}.Debug|Mixed Platforms.Build.0 = Debug|Any CPU
		{B74D598A-AA07-4C6D-9813-F63F0871ED87}.Debug|x86.ActiveCfg = Debug|Any CPU
		{B74D598A-AA07-4C6D-9813-F63F0871ED87}.Release|Any CPU.ActiveCfg = Release|Any CPU
		{B74D598A-AA07-4C6D-9813-F63F0871ED87}.Release|Any CPU.Build.0 = Release|Any CPU
		{B74D598A-AA07-4C6D-9813-F63F0871ED87}.Release|Mixed Platforms.ActiveCfg = Release|Any CPU
		{B74D598A-AA07-4C6D-9813-F63F0871ED87}.Release|Mixed Platforms.Build.0 = Release|Any CPU
		{B74D598A-AA07-4C6D-9813-F63F0871ED87}.Release|x86.ActiveCfg = Release|Any CPU
		{EDFB8310-16E7-484E-BC8B-901D42D1AE2D}.Debug|Any CPU.ActiveCfg = Debug|Any CPU
		{EDFB8310-16E7-484E-BC8B-901D42D1AE2D}.Debug|Any CPU.Build.0 = Debug|Any CPU
		{EDFB8310-16E7-484E-BC8B-901D42D1AE2D}.Debug|Mixed Platforms.ActiveCfg = Debug|Any CPU
		{EDFB8310-16E7-484E-BC8B-901D42D1AE2D}.Debug|Mixed Platforms.Build.0 = Debug|Any CPU
		{EDFB8310-16E7-484E-BC8B-901D42D1AE2D}.Debug|x86.ActiveCfg = Debug|Any CPU
		{EDFB8310-16E7-484E-BC8B-901D42D1AE2D}.Release|Any CPU.ActiveCfg = Release|Any CPU
		{EDFB8310-16E7-484E-BC8B-901D42D1AE2D}.Release|Any CPU.Build.0 = Release|Any CPU
		{EDFB8310-16E7-484E-BC8B-901D42D1AE2D}.Release|Mixed Platforms.ActiveCfg = Release|Any CPU
		{EDFB8310-16E7-484E-BC8B-901D42D1AE2D}.Release|Mixed Platforms.Build.0 = Release|Any CPU
		{EDFB8310-16E7-484E-BC8B-901D42D1AE2D}.Release|x86.ActiveCfg = Release|Any CPU
		{6958A6A0-EBB5-4F24-B5D1-1DAD8FB9B584}.Debug|Any CPU.ActiveCfg = Debug|Any CPU
		{6958A6A0-EBB5-4F24-B5D1-1DAD8FB9B584}.Debug|Any CPU.Build.0 = Debug|Any CPU
		{6958A6A0-EBB5-4F24-B5D1-1DAD8FB9B584}.Debug|Mixed Platforms.ActiveCfg = Debug|Any CPU
		{6958A6A0-EBB5-4F24-B5D1-1DAD8FB9B584}.Debug|Mixed Platforms.Build.0 = Debug|Any CPU
		{6958A6A0-EBB5-4F24-B5D1-1DAD8FB9B584}.Debug|x86.ActiveCfg = Debug|Any CPU
		{6958A6A0-EBB5-4F24-B5D1-1DAD8FB9B584}.Release|Any CPU.ActiveCfg = Release|Any CPU
		{6958A6A0-EBB5-4F24-B5D1-1DAD8FB9B584}.Release|Any CPU.Build.0 = Release|Any CPU
		{6958A6A0-EBB5-4F24-B5D1-1DAD8FB9B584}.Release|Mixed Platforms.ActiveCfg = Release|Any CPU
		{6958A6A0-EBB5-4F24-B5D1-1DAD8FB9B584}.Release|Mixed Platforms.Build.0 = Release|Any CPU
		{6958A6A0-EBB5-4F24-B5D1-1DAD8FB9B584}.Release|x86.ActiveCfg = Release|Any CPU
		{1D393254-E17E-4884-B93E-0045ABC124D1}.Debug|Any CPU.ActiveCfg = Debug|Any CPU
		{1D393254-E17E-4884-B93E-0045ABC124D1}.Debug|Any CPU.Build.0 = Debug|Any CPU
		{1D393254-E17E-4884-B93E-0045ABC124D1}.Debug|Mixed Platforms.ActiveCfg = Debug|Any CPU
		{1D393254-E17E-4884-B93E-0045ABC124D1}.Debug|Mixed Platforms.Build.0 = Debug|Any CPU
		{1D393254-E17E-4884-B93E-0045ABC124D1}.Debug|x86.ActiveCfg = Debug|Any CPU
		{1D393254-E17E-4884-B93E-0045ABC124D1}.Release|Any CPU.ActiveCfg = Release|Any CPU
		{1D393254-E17E-4884-B93E-0045ABC124D1}.Release|Any CPU.Build.0 = Release|Any CPU
		{1D393254-E17E-4884-B93E-0045ABC124D1}.Release|Mixed Platforms.ActiveCfg = Release|Any CPU
		{1D393254-E17E-4884-B93E-0045ABC124D1}.Release|Mixed Platforms.Build.0 = Release|Any CPU
		{1D393254-E17E-4884-B93E-0045ABC124D1}.Release|x86.ActiveCfg = Release|Any CPU
		{BCD4F576-C42C-4450-8EB3-F4219B19ED52}.Debug|Any CPU.ActiveCfg = Debug|Any CPU
		{BCD4F576-C42C-4450-8EB3-F4219B19ED52}.Debug|Any CPU.Build.0 = Debug|Any CPU
		{BCD4F576-C42C-4450-8EB3-F4219B19ED52}.Debug|Mixed Platforms.ActiveCfg = Debug|Any CPU
		{BCD4F576-C42C-4450-8EB3-F4219B19ED52}.Debug|Mixed Platforms.Build.0 = Debug|Any CPU
		{BCD4F576-C42C-4450-8EB3-F4219B19ED52}.Debug|x86.ActiveCfg = Debug|Any CPU
		{BCD4F576-C42C-4450-8EB3-F4219B19ED52}.Release|Any CPU.ActiveCfg = Release|Any CPU
		{BCD4F576-C42C-4450-8EB3-F4219B19ED52}.Release|Any CPU.Build.0 = Release|Any CPU
		{BCD4F576-C42C-4450-8EB3-F4219B19ED52}.Release|Mixed Platforms.ActiveCfg = Release|Any CPU
		{BCD4F576-C42C-4450-8EB3-F4219B19ED52}.Release|Mixed Platforms.Build.0 = Release|Any CPU
		{BCD4F576-C42C-4450-8EB3-F4219B19ED52}.Release|x86.ActiveCfg = Release|Any CPU
		{C982E92E-AAC3-4104-85BA-F78560FB4B1A}.Debug|Any CPU.ActiveCfg = Debug|Any CPU
		{C982E92E-AAC3-4104-85BA-F78560FB4B1A}.Debug|Any CPU.Build.0 = Debug|Any CPU
		{C982E92E-AAC3-4104-85BA-F78560FB4B1A}.Debug|Mixed Platforms.ActiveCfg = Debug|Any CPU
		{C982E92E-AAC3-4104-85BA-F78560FB4B1A}.Debug|Mixed Platforms.Build.0 = Debug|Any CPU
		{C982E92E-AAC3-4104-85BA-F78560FB4B1A}.Debug|x86.ActiveCfg = Debug|Any CPU
		{C982E92E-AAC3-4104-85BA-F78560FB4B1A}.Release|Any CPU.ActiveCfg = Release|Any CPU
		{C982E92E-AAC3-4104-85BA-F78560FB4B1A}.Release|Any CPU.Build.0 = Release|Any CPU
		{C982E92E-AAC3-4104-85BA-F78560FB4B1A}.Release|Mixed Platforms.ActiveCfg = Release|Any CPU
		{C982E92E-AAC3-4104-85BA-F78560FB4B1A}.Release|Mixed Platforms.Build.0 = Release|Any CPU
		{C982E92E-AAC3-4104-85BA-F78560FB4B1A}.Release|x86.ActiveCfg = Release|Any CPU
		{50430C3E-A1D5-4BBF-9E4F-E86D1FB895C8}.Debug|Any CPU.ActiveCfg = Debug|Any CPU
		{50430C3E-A1D5-4BBF-9E4F-E86D1FB895C8}.Debug|Any CPU.Build.0 = Debug|Any CPU
		{50430C3E-A1D5-4BBF-9E4F-E86D1FB895C8}.Debug|Mixed Platforms.ActiveCfg = Debug|Any CPU
		{50430C3E-A1D5-4BBF-9E4F-E86D1FB895C8}.Debug|Mixed Platforms.Build.0 = Debug|Any CPU
		{50430C3E-A1D5-4BBF-9E4F-E86D1FB895C8}.Debug|x86.ActiveCfg = Debug|Any CPU
		{50430C3E-A1D5-4BBF-9E4F-E86D1FB895C8}.Release|Any CPU.ActiveCfg = Release|Any CPU
		{50430C3E-A1D5-4BBF-9E4F-E86D1FB895C8}.Release|Any CPU.Build.0 = Release|Any CPU
		{50430C3E-A1D5-4BBF-9E4F-E86D1FB895C8}.Release|Mixed Platforms.ActiveCfg = Release|Any CPU
		{50430C3E-A1D5-4BBF-9E4F-E86D1FB895C8}.Release|Mixed Platforms.Build.0 = Release|Any CPU
		{50430C3E-A1D5-4BBF-9E4F-E86D1FB895C8}.Release|x86.ActiveCfg = Release|Any CPU
		{22EDA12D-D5C8-4912-A98A-361A1578D082}.Debug|Any CPU.ActiveCfg = Debug|Any CPU
		{22EDA12D-D5C8-4912-A98A-361A1578D082}.Debug|Any CPU.Build.0 = Debug|Any CPU
		{22EDA12D-D5C8-4912-A98A-361A1578D082}.Debug|Mixed Platforms.ActiveCfg = Debug|Any CPU
		{22EDA12D-D5C8-4912-A98A-361A1578D082}.Debug|Mixed Platforms.Build.0 = Debug|Any CPU
		{22EDA12D-D5C8-4912-A98A-361A1578D082}.Debug|x86.ActiveCfg = Debug|Any CPU
		{22EDA12D-D5C8-4912-A98A-361A1578D082}.Release|Any CPU.ActiveCfg = Release|Any CPU
		{22EDA12D-D5C8-4912-A98A-361A1578D082}.Release|Any CPU.Build.0 = Release|Any CPU
		{22EDA12D-D5C8-4912-A98A-361A1578D082}.Release|Mixed Platforms.ActiveCfg = Release|Any CPU
		{22EDA12D-D5C8-4912-A98A-361A1578D082}.Release|Mixed Platforms.Build.0 = Release|Any CPU
		{22EDA12D-D5C8-4912-A98A-361A1578D082}.Release|x86.ActiveCfg = Release|Any CPU
		{41605CC8-705E-4677-8E2A-5DFCD9902B7E}.Debug|Any CPU.ActiveCfg = Debug|Any CPU
		{41605CC8-705E-4677-8E2A-5DFCD9902B7E}.Debug|Any CPU.Build.0 = Debug|Any CPU
		{41605CC8-705E-4677-8E2A-5DFCD9902B7E}.Debug|Mixed Platforms.ActiveCfg = Debug|Any CPU
		{41605CC8-705E-4677-8E2A-5DFCD9902B7E}.Debug|Mixed Platforms.Build.0 = Debug|Any CPU
		{41605CC8-705E-4677-8E2A-5DFCD9902B7E}.Debug|x86.ActiveCfg = Debug|Any CPU
		{41605CC8-705E-4677-8E2A-5DFCD9902B7E}.Release|Any CPU.ActiveCfg = Release|Any CPU
		{41605CC8-705E-4677-8E2A-5DFCD9902B7E}.Release|Any CPU.Build.0 = Release|Any CPU
		{41605CC8-705E-4677-8E2A-5DFCD9902B7E}.Release|Mixed Platforms.ActiveCfg = Release|Any CPU
		{41605CC8-705E-4677-8E2A-5DFCD9902B7E}.Release|Mixed Platforms.Build.0 = Release|Any CPU
		{41605CC8-705E-4677-8E2A-5DFCD9902B7E}.Release|x86.ActiveCfg = Release|Any CPU
		{FEFA4CB4-0602-4714-8278-21C6C9C3433C}.Debug|Any CPU.ActiveCfg = Debug|Any CPU
		{FEFA4CB4-0602-4714-8278-21C6C9C3433C}.Debug|Any CPU.Build.0 = Debug|Any CPU
		{FEFA4CB4-0602-4714-8278-21C6C9C3433C}.Debug|Mixed Platforms.ActiveCfg = Debug|Any CPU
		{FEFA4CB4-0602-4714-8278-21C6C9C3433C}.Debug|Mixed Platforms.Build.0 = Debug|Any CPU
		{FEFA4CB4-0602-4714-8278-21C6C9C3433C}.Debug|x86.ActiveCfg = Debug|Any CPU
		{FEFA4CB4-0602-4714-8278-21C6C9C3433C}.Release|Any CPU.ActiveCfg = Release|Any CPU
		{FEFA4CB4-0602-4714-8278-21C6C9C3433C}.Release|Any CPU.Build.0 = Release|Any CPU
		{FEFA4CB4-0602-4714-8278-21C6C9C3433C}.Release|Mixed Platforms.ActiveCfg = Release|Any CPU
		{FEFA4CB4-0602-4714-8278-21C6C9C3433C}.Release|Mixed Platforms.Build.0 = Release|Any CPU
		{FEFA4CB4-0602-4714-8278-21C6C9C3433C}.Release|x86.ActiveCfg = Release|Any CPU
		{0E815BF6-1EC7-4C7D-A832-1881FFCCFB87}.Debug|Any CPU.ActiveCfg = Debug|Any CPU
		{0E815BF6-1EC7-4C7D-A832-1881FFCCFB87}.Debug|Any CPU.Build.0 = Debug|Any CPU
		{0E815BF6-1EC7-4C7D-A832-1881FFCCFB87}.Debug|Mixed Platforms.ActiveCfg = Debug|Any CPU
		{0E815BF6-1EC7-4C7D-A832-1881FFCCFB87}.Debug|Mixed Platforms.Build.0 = Debug|Any CPU
		{0E815BF6-1EC7-4C7D-A832-1881FFCCFB87}.Debug|x86.ActiveCfg = Debug|Any CPU
		{0E815BF6-1EC7-4C7D-A832-1881FFCCFB87}.Release|Any CPU.ActiveCfg = Release|Any CPU
		{0E815BF6-1EC7-4C7D-A832-1881FFCCFB87}.Release|Any CPU.Build.0 = Release|Any CPU
		{0E815BF6-1EC7-4C7D-A832-1881FFCCFB87}.Release|Mixed Platforms.ActiveCfg = Release|Any CPU
		{0E815BF6-1EC7-4C7D-A832-1881FFCCFB87}.Release|Mixed Platforms.Build.0 = Release|Any CPU
		{0E815BF6-1EC7-4C7D-A832-1881FFCCFB87}.Release|x86.ActiveCfg = Release|Any CPU
		{17626EA1-0F82-4F63-BF71-D28AA9E95E4B}.Debug|Any CPU.ActiveCfg = Debug|Any CPU
		{17626EA1-0F82-4F63-BF71-D28AA9E95E4B}.Debug|Any CPU.Build.0 = Debug|Any CPU
		{17626EA1-0F82-4F63-BF71-D28AA9E95E4B}.Debug|Mixed Platforms.ActiveCfg = Debug|Any CPU
		{17626EA1-0F82-4F63-BF71-D28AA9E95E4B}.Debug|Mixed Platforms.Build.0 = Debug|Any CPU
		{17626EA1-0F82-4F63-BF71-D28AA9E95E4B}.Debug|x86.ActiveCfg = Debug|Any CPU
		{17626EA1-0F82-4F63-BF71-D28AA9E95E4B}.Release|Any CPU.ActiveCfg = Release|Any CPU
		{17626EA1-0F82-4F63-BF71-D28AA9E95E4B}.Release|Any CPU.Build.0 = Release|Any CPU
		{17626EA1-0F82-4F63-BF71-D28AA9E95E4B}.Release|Mixed Platforms.ActiveCfg = Release|Any CPU
		{17626EA1-0F82-4F63-BF71-D28AA9E95E4B}.Release|Mixed Platforms.Build.0 = Release|Any CPU
		{17626EA1-0F82-4F63-BF71-D28AA9E95E4B}.Release|x86.ActiveCfg = Release|Any CPU
	EndGlobalSection
	GlobalSection(SolutionProperties) = preSolution
		HideSolutionNode = FALSE
	EndGlobalSection
	GlobalSection(NestedProjects) = preSolution
		{6772DA99-90E1-4AE8-B0A8-FC107EF83822} = {5897584B-7A3E-4E2E-B534-3C9C7003569D}
		{D3919725-5EFA-48AA-97C1-2D4EF93714BD} = {5897584B-7A3E-4E2E-B534-3C9C7003569D}
		{B74D598A-AA07-4C6D-9813-F63F0871ED87} = {C387CD23-D996-43B1-85CB-95271FD1A06C}
		{EDFB8310-16E7-484E-BC8B-901D42D1AE2D} = {C387CD23-D996-43B1-85CB-95271FD1A06C}
		{6958A6A0-EBB5-4F24-B5D1-1DAD8FB9B584} = {C387CD23-D996-43B1-85CB-95271FD1A06C}
		{1D393254-E17E-4884-B93E-0045ABC124D1} = {C387CD23-D996-43B1-85CB-95271FD1A06C}
		{BCD4F576-C42C-4450-8EB3-F4219B19ED52} = {C387CD23-D996-43B1-85CB-95271FD1A06C}
		{C982E92E-AAC3-4104-85BA-F78560FB4B1A} = {C387CD23-D996-43B1-85CB-95271FD1A06C}
		{50430C3E-A1D5-4BBF-9E4F-E86D1FB895C8} = {C387CD23-D996-43B1-85CB-95271FD1A06C}
		{22EDA12D-D5C8-4912-A98A-361A1578D082} = {C387CD23-D996-43B1-85CB-95271FD1A06C}
		{41605CC8-705E-4677-8E2A-5DFCD9902B7E} = {DD77D191-AB52-4CA0-8E15-4948F31708BD}
		{FEFA4CB4-0602-4714-8278-21C6C9C3433C} = {DD77D191-AB52-4CA0-8E15-4948F31708BD}
		{0E815BF6-1EC7-4C7D-A832-1881FFCCFB87} = {DD77D191-AB52-4CA0-8E15-4948F31708BD}
		{17626EA1-0F82-4F63-BF71-D28AA9E95E4B} = {DD77D191-AB52-4CA0-8E15-4948F31708BD}
		{94ECD31C-902A-4734-9265-D6E3385B0490} = {BF3BE3E1-F29E-41BE-B959-D3B0B9D53689}
		{36E4E2ED-E857-46DE-9CAB-F962AEFC26F3} = {BF3BE3E1-F29E-41BE-B959-D3B0B9D53689}
		{5A44C5B5-A925-487D-B4FA-F7A187BFEF1A} = {BF3BE3E1-F29E-41BE-B959-D3B0B9D53689}
		{23C75583-F15F-4464-BD48-6E5C656D7B78} = {5A22139D-3A25-44E0-87B1-499F40868CAF}
		{836120FF-1CC1-4554-8709-0D094C2BE14B} = {5A22139D-3A25-44E0-87B1-499F40868CAF}
		{ADD81DE4-667B-4808-89DF-678D6E9FD34E} = {5A22139D-3A25-44E0-87B1-499F40868CAF}
		{4BC33BF0-7844-44B0-B0A2-4BA1F83E38AF} = {5A22139D-3A25-44E0-87B1-499F40868CAF}
		{33D73385-13E6-4BFA-BC76-23AF380E7F3E} = {5A22139D-3A25-44E0-87B1-499F40868CAF}
		{2C911DAF-3B6C-49C7-AF21-6224BFB0FE74} = {5A22139D-3A25-44E0-87B1-499F40868CAF}
		{F7BCE9A5-A826-410A-849D-D4F5C551B4DC} = {5A22139D-3A25-44E0-87B1-499F40868CAF}
		{81DD913F-FD84-44E9-830D-EEB641E09DBD} = {5A22139D-3A25-44E0-87B1-499F40868CAF}
		{BDE1CD48-17DB-4CE4-BDFA-EB20603EE401} = {5A22139D-3A25-44E0-87B1-499F40868CAF}
		{75F909AB-BBC3-44F0-BFC6-FA015E8EACA0} = {5A22139D-3A25-44E0-87B1-499F40868CAF}
		{FB1A6D0D-D778-4431-9D3D-9CDC298EDFB0} = {5A22139D-3A25-44E0-87B1-499F40868CAF}
		{8E8BCEF4-5F46-49A2-B36E-B397A8A5F635} = {5A22139D-3A25-44E0-87B1-499F40868CAF}
		{B1F38D7C-A9AC-46D8-88F0-9980BEAA4DC3} = {5A22139D-3A25-44E0-87B1-499F40868CAF}
		{00B1115B-0DDC-482D-AAF8-13D3C56A65D5} = {5A22139D-3A25-44E0-87B1-499F40868CAF}
		{87E6A634-A50D-4277-982B-0B16CFAC5738} = {5A22139D-3A25-44E0-87B1-499F40868CAF}
	EndGlobalSection
EndGlobal
